# This file is autogenerated, do not edit; changes may be undone by the next 'dep ensure'.


[[projects]]
  name = "fyne.io/fyne"
  packages = [".","app","canvas","driver/desktop","driver/mobile","internal","internal/app","internal/cache","internal/driver","internal/driver/glfw","internal/driver/gomobile","internal/painter","internal/painter/gl","internal/painter/software","layout","test","theme","widget"]
  revision = "196202c246222821f8947af941f6989b59d211eb"
  version = "v1.2.1"

[[projects]]
  name = "github.com/fsnotify/fsnotify"
  packages = ["."]
  revision = "c2828203cd70a50dcccfb2761f8b1f8ceef9a8e9"
  version = "v1.4.7"

[[projects]]
  branch = "master"
  name = "github.com/go-gl/gl"
  packages = ["v3.1/gles2","v3.2-core/gl"]
  revision = "bf2b1f2f34d7f6a60a99a830f65dcd6afb0c6587"

[[projects]]
  branch = "master"
  name = "github.com/go-gl/glfw"
  packages = ["v3.2/glfw"]
  revision = "12ad95a8df72b2f4e72eab0d29daa5e27a5c84ac"

[[projects]]
  branch = "master"
  name = "github.com/goki/freetype"
  packages = [".","raster","truetype"]
  revision = "fa8a33aabaff00cee178fe14212e0a308a87ea5d"

[[projects]]
  branch = "master"
  name = "github.com/nfnt/resize"
  packages = ["."]
  revision = "83c6a9932646f83e3267f353373d47347b6036b2"

[[projects]]
  branch = "master"
  name = "github.com/srwiley/oksvg"
  packages = ["."]
  revision = "58e08c8fe40e2e60743bbcea6b57169348b8c2b2"

[[projects]]
  branch = "master"
  name = "github.com/srwiley/rasterx"
  packages = ["."]
  revision = "85cb7272f5e99816a35e2c3fff0c4ab1b16e867c"

[[projects]]
  branch = "master"
  name = "golang.org/x/exp"
  packages = ["shiny/driver/gldriver","shiny/driver/internal/drawer","shiny/driver/internal/errscreen","shiny/driver/internal/event","shiny/driver/internal/lifecycler","shiny/driver/internal/win32","shiny/driver/internal/x11key","shiny/screen"]
  revision = "0405dc783f0a9c4dbf56901f56e49fa485943f4c"

[[projects]]
  branch = "master"
  name = "golang.org/x/image"
  packages = ["colornames","font","math/f64","math/fixed","vector"]
  revision = "58c23975cae11f062d4b3b0c143fe248faac195d"

[[projects]]
  branch = "master"
  name = "golang.org/x/mobile"
  packages = ["app","app/internal/callfn","event/key","event/lifecycle","event/mouse","event/paint","event/size","event/touch","exp/f32","geom","gl","internal/mobileinit"]
  revision = "82c397c4c5279f331dce14d734fda7060e4a3691"

[[projects]]
  branch = "master"
  name = "golang.org/x/net"
  packages = ["html","html/atom","html/charset"]
  revision = "6afb5195e5aab057fda82e27171243402346b0ad"

[[projects]]
  branch = "master"
  name = "golang.org/x/sys"
  packages = ["unix","windows"]
  revision = "9fbb57f87de9ccfe3a99d4e3270ce8a926ebba4f"

[[projects]]
  name = "golang.org/x/text"
  packages = ["encoding","encoding/charmap","encoding/htmlindex","encoding/internal","encoding/internal/identifier","encoding/japanese","encoding/korean","encoding/simplifiedchinese","encoding/traditionalchinese","encoding/unicode","internal/gen","internal/language","internal/language/compact","internal/tag","internal/utf8internal","language","runes","transform","unicode/cldr"]
  revision = "342b2e1fbaa52c93f31447ad2c6abc048c63e475"
  version = "v0.3.2"

[solve-meta]
  analyzer-name = "dep"
  analyzer-version = 1
  inputs-digest = "756a6be095a30ac617f5d5076fbc7e80654b0c3bdc6df424f1555cc7fa20af7b"
  solver-name = "gps-cdcl"
  solver-version = 1
